// !$*UTF8*$!
{
	archiveVersion = 1;
	classes = {
	};
	objectVersion = 46;
	objects = {

/* Begin PBXBuildFile section */
		0D0DFF801F7B061C00D24B88 /* Prices.swift in Sources */ = {isa = PBXBuildFile; fileRef = 0D0DFF7F1F7B061C00D24B88 /* Prices.swift */; };
		0D0DFF821F7B24DD00D24B88 /* FireBaseLink.swift in Sources */ = {isa = PBXBuildFile; fileRef = 0D0DFF811F7B24DD00D24B88 /* FireBaseLink.swift */; };
		0D38A17F1F82C5DB00451D02 /* Dates.swift in Sources */ = {isa = PBXBuildFile; fileRef = 0D38A17E1F82C5DB00451D02 /* Dates.swift */; };
		0D38A1851F82EA3B00451D02 /* GoogleService-Info.plist in Resources */ = {isa = PBXBuildFile; fileRef = 0D38A1841F82EA3B00451D02 /* GoogleService-Info.plist */; };
		0D3992FB1F87DA2D003962D1 /* SCIGenericWrapper.swift in Sources */ = {isa = PBXBuildFile; fileRef = 0D3992FA1F87DA2D003962D1 /* SCIGenericWrapper.swift */; };
		0D51113F1F8710AB006660F1 /* ChartViewController.swift in Sources */ = {isa = PBXBuildFile; fileRef = 0D51113E1F8710AB006660F1 /* ChartViewController.swift */; };
		0D7376751F8171A1003C8587 /* MainViewController.swift in Sources */ = {isa = PBXBuildFile; fileRef = 0D7376741F8171A1003C8587 /* MainViewController.swift */; };
		0D8D5A0A1F79585500628767 /* AppDelegate.swift in Sources */ = {isa = PBXBuildFile; fileRef = 0D8D5A091F79585500628767 /* AppDelegate.swift */; };
		0D8D5A0C1F79585500628767 /* TableViewController.swift in Sources */ = {isa = PBXBuildFile; fileRef = 0D8D5A0B1F79585500628767 /* TableViewController.swift */; };
		0D8D5A0F1F79585500628767 /* Main.storyboard in Resources */ = {isa = PBXBuildFile; fileRef = 0D8D5A0D1F79585500628767 /* Main.storyboard */; };
		0D8D5A111F79585500628767 /* Assets.xcassets in Resources */ = {isa = PBXBuildFile; fileRef = 0D8D5A101F79585500628767 /* Assets.xcassets */; };
		0D8D5A141F79585500628767 /* LaunchScreen.storyboard in Resources */ = {isa = PBXBuildFile; fileRef = 0D8D5A121F79585500628767 /* LaunchScreen.storyboard */; };
		0DE194A91F87F9EC00709968 /* Convert Color.swift in Sources */ = {isa = PBXBuildFile; fileRef = 0DE194A81F87F9EC00709968 /* Convert Color.swift */; };
		0DFFD86C1F8D4B6600A331A0 /* Show Trades.swift in Sources */ = {isa = PBXBuildFile; fileRef = 0DFFD86B1F8D4B6600A331A0 /* Show Trades.swift */; };
		0DFFD86E1F8D4CDA00A331A0 /* Show Entry Line.swift in Sources */ = {isa = PBXBuildFile; fileRef = 0DFFD86D1F8D4CDA00A331A0 /* Show Entry Line.swift */; };
		40BE516E18C1CC46CB9F3D29 /* Pods_Firebase_Test.framework in Frameworks */ = {isa = PBXBuildFile; fileRef = 9C55E2BAFE3DF5D794DD38B9 /* Pods_Firebase_Test.framework */; };
/* End PBXBuildFile section */

/* Begin PBXFileReference section */
		0D0DFF7F1F7B061C00D24B88 /* Prices.swift */ = {isa = PBXFileReference; lastKnownFileType = sourcecode.swift; path = Prices.swift; sourceTree = "<group>"; };
		0D0DFF811F7B24DD00D24B88 /* FireBaseLink.swift */ = {isa = PBXFileReference; lastKnownFileType = sourcecode.swift; path = FireBaseLink.swift; sourceTree = "<group>"; };
		0D38A17E1F82C5DB00451D02 /* Dates.swift */ = {isa = PBXFileReference; lastKnownFileType = sourcecode.swift; path = Dates.swift; sourceTree = "<group>"; };
		0D38A1801F82E06000451D02 /* Firebase_Test.entitlements */ = {isa = PBXFileReference; lastKnownFileType = text.plist.entitlements; path = Firebase_Test.entitlements; sourceTree = "<group>"; };
		0D38A1841F82EA3B00451D02 /* GoogleService-Info.plist */ = {isa = PBXFileReference; fileEncoding = 4; lastKnownFileType = text.plist.xml; path = "GoogleService-Info.plist"; sourceTree = "<group>"; };
		0D3992FA1F87DA2D003962D1 /* SCIGenericWrapper.swift */ = {isa = PBXFileReference; lastKnownFileType = sourcecode.swift; name = SCIGenericWrapper.swift; path = Firebase_Test/SciChart_iOS_v2.0.0.1640_SDK/SciChart.framework/SwiftUtil/SCIGenericWrapper.swift; sourceTree = "<group>"; };
		0D51113E1F8710AB006660F1 /* ChartViewController.swift */ = {isa = PBXFileReference; lastKnownFileType = sourcecode.swift; name = ChartViewController.swift; path = Controller/ChartViewController.swift; sourceTree = "<group>"; };
		0D7376741F8171A1003C8587 /* MainViewController.swift */ = {isa = PBXFileReference; lastKnownFileType = sourcecode.swift; path = MainViewController.swift; sourceTree = "<group>"; };
		0D8D5A061F79585500628767 /* Firebase_Test.app */ = {isa = PBXFileReference; explicitFileType = wrapper.application; includeInIndex = 0; path = Firebase_Test.app; sourceTree = BUILT_PRODUCTS_DIR; };
		0D8D5A091F79585500628767 /* AppDelegate.swift */ = {isa = PBXFileReference; lastKnownFileType = sourcecode.swift; path = AppDelegate.swift; sourceTree = "<group>"; };
		0D8D5A0B1F79585500628767 /* TableViewController.swift */ = {isa = PBXFileReference; lastKnownFileType = sourcecode.swift; path = TableViewController.swift; sourceTree = "<group>"; };
		0D8D5A0E1F79585500628767 /* Base */ = {isa = PBXFileReference; lastKnownFileType = file.storyboard; name = Base; path = Base.lproj/Main.storyboard; sourceTree = "<group>"; };
		0D8D5A101F79585500628767 /* Assets.xcassets */ = {isa = PBXFileReference; lastKnownFileType = folder.assetcatalog; path = Assets.xcassets; sourceTree = "<group>"; };
		0D8D5A131F79585500628767 /* Base */ = {isa = PBXFileReference; lastKnownFileType = file.storyboard; name = Base; path = Base.lproj/LaunchScreen.storyboard; sourceTree = "<group>"; };
		0D8D5A151F79585500628767 /* Info.plist */ = {isa = PBXFileReference; lastKnownFileType = text.plist.xml; path = Info.plist; sourceTree = "<group>"; };
		0DE194A81F87F9EC00709968 /* Convert Color.swift */ = {isa = PBXFileReference; lastKnownFileType = sourcecode.swift; path = "Convert Color.swift"; sourceTree = "<group>"; };
		0DFFD86B1F8D4B6600A331A0 /* Show Trades.swift */ = {isa = PBXFileReference; lastKnownFileType = sourcecode.swift; path = "Show Trades.swift"; sourceTree = "<group>"; };
		0DFFD86D1F8D4CDA00A331A0 /* Show Entry Line.swift */ = {isa = PBXFileReference; lastKnownFileType = sourcecode.swift; path = "Show Entry Line.swift"; sourceTree = "<group>"; };
		1240F89F52AF4D7D1555EE10 /* Pods-Firebase_Test.debug.xcconfig */ = {isa = PBXFileReference; includeInIndex = 1; lastKnownFileType = text.xcconfig; name = "Pods-Firebase_Test.debug.xcconfig"; path = "Pods/Target Support Files/Pods-Firebase_Test/Pods-Firebase_Test.debug.xcconfig"; sourceTree = "<group>"; };
		9C55E2BAFE3DF5D794DD38B9 /* Pods_Firebase_Test.framework */ = {isa = PBXFileReference; explicitFileType = wrapper.framework; includeInIndex = 0; path = Pods_Firebase_Test.framework; sourceTree = BUILT_PRODUCTS_DIR; };
		C267E7FDC14C8752D8409B94 /* Pods-Firebase_Test.release.xcconfig */ = {isa = PBXFileReference; includeInIndex = 1; lastKnownFileType = text.xcconfig; name = "Pods-Firebase_Test.release.xcconfig"; path = "Pods/Target Support Files/Pods-Firebase_Test/Pods-Firebase_Test.release.xcconfig"; sourceTree = "<group>"; };
/* End PBXFileReference section */

/* Begin PBXFrameworksBuildPhase section */
		0D8D5A031F79585500628767 /* Frameworks */ = {
			isa = PBXFrameworksBuildPhase;
			buildActionMask = 2147483647;
			files = (
				40BE516E18C1CC46CB9F3D29 /* Pods_Firebase_Test.framework in Frameworks */,
			);
			runOnlyForDeploymentPostprocessing = 0;
		};
/* End PBXFrameworksBuildPhase section */

/* Begin PBXGroup section */
		0D5111401F87132B006660F1 /* Models */ = {
			isa = PBXGroup;
			children = (
				0D0DFF7F1F7B061C00D24B88 /* Prices.swift */,
				0D38A17E1F82C5DB00451D02 /* Dates.swift */,
				0D0DFF811F7B24DD00D24B88 /* FireBaseLink.swift */,
				0DE194A81F87F9EC00709968 /* Convert Color.swift */,
				0DFFD86B1F8D4B6600A331A0 /* Show Trades.swift */,
				0DFFD86D1F8D4CDA00A331A0 /* Show Entry Line.swift */,
			);
			name = Models;
			path = "New Group";
			sourceTree = "<group>";
		};
		0D8D59FD1F79585500628767 = {
			isa = PBXGroup;
			children = (
				0D3992FA1F87DA2D003962D1 /* SCIGenericWrapper.swift */,
				0D8D5A081F79585500628767 /* Firebase_Test */,
				0D8D5A071F79585500628767 /* Products */,
				E013BFB137D902761D02694E /* Pods */,
				77FA1F266F05D976C35E70F4 /* Frameworks */,
			);
			sourceTree = "<group>";
		};
		0D8D5A071F79585500628767 /* Products */ = {
			isa = PBXGroup;
			children = (
				0D8D5A061F79585500628767 /* Firebase_Test.app */,
			);
			name = Products;
			sourceTree = "<group>";
		};
		0D8D5A081F79585500628767 /* Firebase_Test */ = {
			isa = PBXGroup;
			children = (
				0D38A1801F82E06000451D02 /* Firebase_Test.entitlements */,
				0D8D5A0D1F79585500628767 /* Main.storyboard */,
				0D7376741F8171A1003C8587 /* MainViewController.swift */,
				0D8D5A0B1F79585500628767 /* TableViewController.swift */,
				0D51113E1F8710AB006660F1 /* ChartViewController.swift */,
				0D5111401F87132B006660F1 /* Models */,
				0D8D5A101F79585500628767 /* Assets.xcassets */,
				0D38A1841F82EA3B00451D02 /* GoogleService-Info.plist */,
				0D8D5A091F79585500628767 /* AppDelegate.swift */,
				0D8D5A121F79585500628767 /* LaunchScreen.storyboard */,
				0D8D5A151F79585500628767 /* Info.plist */,
			);
			path = Firebase_Test;
			sourceTree = "<group>";
		};
		77FA1F266F05D976C35E70F4 /* Frameworks */ = {
			isa = PBXGroup;
			children = (
				9C55E2BAFE3DF5D794DD38B9 /* Pods_Firebase_Test.framework */,
			);
			name = Frameworks;
			sourceTree = "<group>";
		};
		E013BFB137D902761D02694E /* Pods */ = {
			isa = PBXGroup;
			children = (
				1240F89F52AF4D7D1555EE10 /* Pods-Firebase_Test.debug.xcconfig */,
				C267E7FDC14C8752D8409B94 /* Pods-Firebase_Test.release.xcconfig */,
			);
			name = Pods;
			sourceTree = "<group>";
		};
/* End PBXGroup section */

/* Begin PBXNativeTarget section */
		0D8D5A051F79585500628767 /* Firebase_Test */ = {
			isa = PBXNativeTarget;
			buildConfigurationList = 0D8D5A181F79585500628767 /* Build configuration list for PBXNativeTarget "Firebase_Test" */;
			buildPhases = (
				84D5B9AD70A280C8ED559A32 /* [CP] Check Pods Manifest.lock */,
				0D8D5A021F79585500628767 /* Sources */,
				0D8D5A031F79585500628767 /* Frameworks */,
				0D8D5A041F79585500628767 /* Resources */,
				9755A4222D841EE0754E765D /* [CP] Embed Pods Frameworks */,
				EE47BBBA3F306B2DFB711BC6 /* [CP] Copy Pods Resources */,
			);
			buildRules = (
			);
			dependencies = (
			);
			name = Firebase_Test;
			productName = Firebase_Test;
			productReference = 0D8D5A061F79585500628767 /* Firebase_Test.app */;
			productType = "com.apple.product-type.application";
		};
/* End PBXNativeTarget section */

/* Begin PBXProject section */
		0D8D59FE1F79585500628767 /* Project object */ = {
			isa = PBXProject;
			attributes = {
				LastSwiftUpdateCheck = 0830;
				LastUpgradeCheck = 0900;
				ORGANIZATIONNAME = "Warren Hansen";
				TargetAttributes = {
					0D8D5A051F79585500628767 = {
						CreatedOnToolsVersion = 8.3.3;
						DevelopmentTeam = 22U4CL887R;
						LastSwiftMigration = 0900;
						ProvisioningStyle = Automatic;
						SystemCapabilities = {
							com.apple.Push = {
								enabled = 1;
							};
						};
					};
				};
			};
			buildConfigurationList = 0D8D5A011F79585500628767 /* Build configuration list for PBXProject "Firebase_Test" */;
			compatibilityVersion = "Xcode 3.2";
			developmentRegion = English;
			hasScannedForEncodings = 0;
			knownRegions = (
				en,
				Base,
			);
			mainGroup = 0D8D59FD1F79585500628767;
			productRefGroup = 0D8D5A071F79585500628767 /* Products */;
			projectDirPath = "";
			projectRoot = "";
			targets = (
				0D8D5A051F79585500628767 /* Firebase_Test */,
			);
		};
/* End PBXProject section */

/* Begin PBXResourcesBuildPhase section */
		0D8D5A041F79585500628767 /* Resources */ = {
			isa = PBXResourcesBuildPhase;
			buildActionMask = 2147483647;
			files = (
				0D8D5A141F79585500628767 /* LaunchScreen.storyboard in Resources */,
				0D38A1851F82EA3B00451D02 /* GoogleService-Info.plist in Resources */,
				0D8D5A111F79585500628767 /* Assets.xcassets in Resources */,
				0D8D5A0F1F79585500628767 /* Main.storyboard in Resources */,
			);
			runOnlyForDeploymentPostprocessing = 0;
		};
/* End PBXResourcesBuildPhase section */

/* Begin PBXShellScriptBuildPhase section */
		84D5B9AD70A280C8ED559A32 /* [CP] Check Pods Manifest.lock */ = {
			isa = PBXShellScriptBuildPhase;
			buildActionMask = 2147483647;
			files = (
			);
			inputPaths = (
			);
			name = "[CP] Check Pods Manifest.lock";
			outputPaths = (
			);
			runOnlyForDeploymentPostprocessing = 0;
			shellPath = /bin/sh;
			shellScript = "diff \"${PODS_PODFILE_DIR_PATH}/Podfile.lock\" \"${PODS_ROOT}/Manifest.lock\" > /dev/null\nif [ $? != 0 ] ; then\n    # print error to STDERR\n    echo \"error: The sandbox is not in sync with the Podfile.lock. Run 'pod install' or update your CocoaPods installation.\" >&2\n    exit 1\nfi\n";
			showEnvVarsInLog = 0;
		};
		9755A4222D841EE0754E765D /* [CP] Embed Pods Frameworks */ = {
			isa = PBXShellScriptBuildPhase;
			buildActionMask = 2147483647;
			files = (
			);
			inputPaths = (
			);
			name = "[CP] Embed Pods Frameworks";
			outputPaths = (
			);
			runOnlyForDeploymentPostprocessing = 0;
			shellPath = /bin/sh;
			shellScript = "\"${SRCROOT}/Pods/Target Support Files/Pods-Firebase_Test/Pods-Firebase_Test-frameworks.sh\"\n";
			showEnvVarsInLog = 0;
		};
		EE47BBBA3F306B2DFB711BC6 /* [CP] Copy Pods Resources */ = {
			isa = PBXShellScriptBuildPhase;
			buildActionMask = 2147483647;
			files = (
			);
			inputPaths = (
			);
			name = "[CP] Copy Pods Resources";
			outputPaths = (
			);
			runOnlyForDeploymentPostprocessing = 0;
			shellPath = /bin/sh;
			shellScript = "\"${SRCROOT}/Pods/Target Support Files/Pods-Firebase_Test/Pods-Firebase_Test-resources.sh\"\n";
			showEnvVarsInLog = 0;
		};
/* End PBXShellScriptBuildPhase section */

/* Begin PBXSourcesBuildPhase section */
		0D8D5A021F79585500628767 /* Sources */ = {
			isa = PBXSourcesBuildPhase;
			buildActionMask = 2147483647;
			files = (
				0DE194A91F87F9EC00709968 /* Convert Color.swift in Sources */,
				0D3992FB1F87DA2D003962D1 /* SCIGenericWrapper.swift in Sources */,
				0D0DFF821F7B24DD00D24B88 /* FireBaseLink.swift in Sources */,
				0D51113F1F8710AB006660F1 /* ChartViewController.swift in Sources */,
				0D8D5A0C1F79585500628767 /* TableViewController.swift in Sources */,
				0D8D5A0A1F79585500628767 /* AppDelegate.swift in Sources */,
				0DFFD86C1F8D4B6600A331A0 /* Show Trades.swift in Sources */,
				0D38A17F1F82C5DB00451D02 /* Dates.swift in Sources */,
				0D0DFF801F7B061C00D24B88 /* Prices.swift in Sources */,
				0D7376751F8171A1003C8587 /* MainViewController.swift in Sources */,
				0DFFD86E1F8D4CDA00A331A0 /* Show Entry Line.swift in Sources */,
			);
			runOnlyForDeploymentPostprocessing = 0;
		};
/* End PBXSourcesBuildPhase section */

/* Begin PBXVariantGroup section */
		0D8D5A0D1F79585500628767 /* Main.storyboard */ = {
			isa = PBXVariantGroup;
			children = (
				0D8D5A0E1F79585500628767 /* Base */,
			);
			name = Main.storyboard;
			sourceTree = "<group>";
		};
		0D8D5A121F79585500628767 /* LaunchScreen.storyboard */ = {
			isa = PBXVariantGroup;
			children = (
				0D8D5A131F79585500628767 /* Base */,
			);
			name = LaunchScreen.storyboard;
			sourceTree = "<group>";
		};
/* End PBXVariantGroup section */

/* Begin XCBuildConfiguration section */
		0D8D5A161F79585500628767 /* Debug */ = {
			isa = XCBuildConfiguration;
			buildSettings = {
				ALWAYS_SEARCH_USER_PATHS = NO;
				CLANG_ANALYZER_NONNULL = YES;
				CLANG_ANALYZER_NUMBER_OBJECT_CONVERSION = YES_AGGRESSIVE;
				CLANG_CXX_LANGUAGE_STANDARD = "gnu++0x";
				CLANG_CXX_LIBRARY = "libc++";
				CLANG_ENABLE_MODULES = YES;
				CLANG_ENABLE_OBJC_ARC = YES;
				CLANG_WARN_BLOCK_CAPTURE_AUTORELEASING = YES;
				CLANG_WARN_BOOL_CONVERSION = YES;
				CLANG_WARN_COMMA = YES;
				CLANG_WARN_CONSTANT_CONVERSION = YES;
				CLANG_WARN_DIRECT_OBJC_ISA_USAGE = YES_ERROR;
				CLANG_WARN_DOCUMENTATION_COMMENTS = YES;
				CLANG_WARN_EMPTY_BODY = YES;
				CLANG_WARN_ENUM_CONVERSION = YES;
				CLANG_WARN_INFINITE_RECURSION = YES;
				CLANG_WARN_INT_CONVERSION = YES;
				CLANG_WARN_NON_LITERAL_NULL_CONVERSION = YES;
				CLANG_WARN_OBJC_LITERAL_CONVERSION = YES;
				CLANG_WARN_OBJC_ROOT_CLASS = YES_ERROR;
				CLANG_WARN_RANGE_LOOP_ANALYSIS = YES;
				CLANG_WARN_STRICT_PROTOTYPES = YES;
				CLANG_WARN_SUSPICIOUS_MOVE = YES;
				CLANG_WARN_UNREACHABLE_CODE = YES;
				CLANG_WARN__DUPLICATE_METHOD_MATCH = YES;
				"CODE_SIGN_IDENTITY[sdk=iphoneos*]" = "iPhone Developer";
				COPY_PHASE_STRIP = NO;
				DEBUG_INFORMATION_FORMAT = dwarf;
				ENABLE_STRICT_OBJC_MSGSEND = YES;
				ENABLE_TESTABILITY = YES;
				GCC_C_LANGUAGE_STANDARD = gnu99;
				GCC_DYNAMIC_NO_PIC = NO;
				GCC_NO_COMMON_BLOCKS = YES;
				GCC_OPTIMIZATION_LEVEL = 0;
				GCC_PREPROCESSOR_DEFINITIONS = (
					"DEBUG=1",
					"$(inherited)",
				);
				GCC_WARN_64_TO_32_BIT_CONVERSION = YES;
				GCC_WARN_ABOUT_RETURN_TYPE = YES_ERROR;
				GCC_WARN_UNDECLARED_SELECTOR = YES;
				GCC_WARN_UNINITIALIZED_AUTOS = YES_AGGRESSIVE;
				GCC_WARN_UNUSED_FUNCTION = YES;
				GCC_WARN_UNUSED_VARIABLE = YES;
				IPHONEOS_DEPLOYMENT_TARGET = 10.3;
				MTL_ENABLE_DEBUG_INFO = YES;
				ONLY_ACTIVE_ARCH = YES;
				SDKROOT = iphoneos;
				SWIFT_ACTIVE_COMPILATION_CONDITIONS = DEBUG;
				SWIFT_OPTIMIZATION_LEVEL = "-Onone";
			};
			name = Debug;
		};
		0D8D5A171F79585500628767 /* Release */ = {
			isa = XCBuildConfiguration;
			buildSettings = {
				ALWAYS_SEARCH_USER_PATHS = NO;
				CLANG_ANALYZER_NONNULL = YES;
				CLANG_ANALYZER_NUMBER_OBJECT_CONVERSION = YES_AGGRESSIVE;
				CLANG_CXX_LANGUAGE_STANDARD = "gnu++0x";
				CLANG_CXX_LIBRARY = "libc++";
				CLANG_ENABLE_MODULES = YES;
				CLANG_ENABLE_OBJC_ARC = YES;
				CLANG_WARN_BLOCK_CAPTURE_AUTORELEASING = YES;
				CLANG_WARN_BOOL_CONVERSION = YES;
				CLANG_WARN_COMMA = YES;
				CLANG_WARN_CONSTANT_CONVERSION = YES;
				CLANG_WARN_DIRECT_OBJC_ISA_USAGE = YES_ERROR;
				CLANG_WARN_DOCUMENTATION_COMMENTS = YES;
				CLANG_WARN_EMPTY_BODY = YES;
				CLANG_WARN_ENUM_CONVERSION = YES;
				CLANG_WARN_INFINITE_RECURSION = YES;
				CLANG_WARN_INT_CONVERSION = YES;
				CLANG_WARN_NON_LITERAL_NULL_CONVERSION = YES;
				CLANG_WARN_OBJC_LITERAL_CONVERSION = YES;
				CLANG_WARN_OBJC_ROOT_CLASS = YES_ERROR;
				CLANG_WARN_RANGE_LOOP_ANALYSIS = YES;
				CLANG_WARN_STRICT_PROTOTYPES = YES;
				CLANG_WARN_SUSPICIOUS_MOVE = YES;
				CLANG_WARN_UNREACHABLE_CODE = YES;
				CLANG_WARN__DUPLICATE_METHOD_MATCH = YES;
				"CODE_SIGN_IDENTITY[sdk=iphoneos*]" = "iPhone Developer";
				COPY_PHASE_STRIP = NO;
				DEBUG_INFORMATION_FORMAT = "dwarf-with-dsym";
				ENABLE_NS_ASSERTIONS = NO;
				ENABLE_STRICT_OBJC_MSGSEND = YES;
				GCC_C_LANGUAGE_STANDARD = gnu99;
				GCC_NO_COMMON_BLOCKS = YES;
				GCC_WARN_64_TO_32_BIT_CONVERSION = YES;
				GCC_WARN_ABOUT_RETURN_TYPE = YES_ERROR;
				GCC_WARN_UNDECLARED_SELECTOR = YES;
				GCC_WARN_UNINITIALIZED_AUTOS = YES_AGGRESSIVE;
				GCC_WARN_UNUSED_FUNCTION = YES;
				GCC_WARN_UNUSED_VARIABLE = YES;
				IPHONEOS_DEPLOYMENT_TARGET = 10.3;
				MTL_ENABLE_DEBUG_INFO = NO;
				SDKROOT = iphoneos;
				SWIFT_OPTIMIZATION_LEVEL = "-Owholemodule";
				VALIDATE_PRODUCT = YES;
			};
			name = Release;
		};
		0D8D5A191F79585500628767 /* Debug */ = {
			isa = XCBuildConfiguration;
			baseConfigurationReference = 1240F89F52AF4D7D1555EE10 /* Pods-Firebase_Test.debug.xcconfig */;
			buildSettings = {
				ASSETCATALOG_COMPILER_APPICON_NAME = AppIcon;
				CODE_SIGN_ENTITLEMENTS = Firebase_Test/Firebase_Test.entitlements;
				DEVELOPMENT_TEAM = 22U4CL887R;
				INFOPLIST_FILE = Firebase_Test/Info.plist;
				LD_RUNPATH_SEARCH_PATHS = "$(inherited) @executable_path/Frameworks";
				PRODUCT_BUNDLE_IDENTIFIER = "TradeStrat.Firebase-Test";
				PRODUCT_NAME = "$(TARGET_NAME)";
				SWIFT_SWIFT3_OBJC_INFERENCE = On;
				SWIFT_VERSION = 4.0;
				TARGETED_DEVICE_FAMILY = "1,2";
			};
			name = Debug;
		};
		0D8D5A1A1F79585500628767 /* Release */ = {
			isa = XCBuildConfiguration;
			baseConfigurationReference = C267E7FDC14C8752D8409B94 /* Pods-Firebase_Test.release.xcconfig */;
			buildSettings = {
				ASSETCATALOG_COMPILER_APPICON_NAME = AppIcon;
				CODE_SIGN_ENTITLEMENTS = Firebase_Test/Firebase_Test.entitlements;
				DEVELOPMENT_TEAM = 22U4CL887R;
				INFOPLIST_FILE = Firebase_Test/Info.plist;
				LD_RUNPATH_SEARCH_PATHS = "$(inherited) @executable_path/Frameworks";
				PRODUCT_BUNDLE_IDENTIFIER = "TradeStrat.Firebase-Test";
				PRODUCT_NAME = "$(TARGET_NAME)";
				SWIFT_SWIFT3_OBJC_INFERENCE = On;
				SWIFT_VERSION = 4.0;
				TARGETED_DEVICE_FAMILY = "1,2";
			};
			name = Release;
		};
/* End XCBuildConfiguration section */

/* Begin XCConfigurationList section */
		0D8D5A011F79585500628767 /* Build configuration list for PBXProject "Firebase_Test" */ = {
			isa = XCConfigurationList;
			buildConfigurations = (
				0D8D5A161F79585500628767 /* Debug */,
				0D8D5A171F79585500628767 /* Release */,
			);
			defaultConfigurationIsVisible = 0;
			defaultConfigurationName = Release;
		};
		0D8D5A181F79585500628767 /* Build configuration list for PBXNativeTarget "Firebase_Test" */ = {
			isa = XCConfigurationList;
			buildConfigurations = (
				0D8D5A191F79585500628767 /* Debug */,
				0D8D5A1A1F79585500628767 /* Release */,
			);
			defaultConfigurationIsVisible = 0;
			defaultConfigurationName = Release;
		};
/* End XCConfigurationList section */
	};
	rootObject = 0D8D59FE1F79585500628767 /* Project object */;
}
